
Microsoft Visual Studio Solution File, Format Version 12.00
# Visual Studio Version 17
VisualStudioVersion = 17.0.31903.59
MinimumVisualStudioVersion = 10.0.40219.1
Project("{FAE04EC0-301F-11D3-BF4B-00C04F79EFBC}") = "Find Index of the First Occurance in a String", "Find Index of the First Occurance in a String.csproj", "{21A387A5-1396-4375-B079-02A6698B94FA}"
EndProject
Global
	GlobalSection(SolutionConfigurationPlatforms) = preSolution
		Debug|Any CPU = Debug|Any CPU
		Release|Any CPU = Release|Any CPU
	EndGlobalSection
	GlobalSection(SolutionProperties) = preSolution
		HideSolutionNode = FALSE
	EndGlobalSection
	GlobalSection(ProjectConfigurationPlatforms) = postSolution
		{21A387A5-1396-4375-B079-02A6698B94FA}.Debug|Any CPU.ActiveCfg = Debug|Any CPU
		{21A387A5-1396-4375-B079-02A6698B94FA}.Debug|Any CPU.Build.0 = Debug|Any CPU
		{21A387A5-1396-4375-B079-02A6698B94FA}.Release|Any CPU.ActiveCfg = Release|Any CPU
		{21A387A5-1396-4375-B079-02A6698B94FA}.Release|Any CPU.Build.0 = Release|Any CPU
	EndGlobalSection
EndGlobal
