
Microsoft Visual Studio Solution File, Format Version 12.00
# Visual Studio Version 17
VisualStudioVersion = 17.0.31903.59
MinimumVisualStudioVersion = 10.0.40219.1
Project("{FAE04EC0-301F-11D3-BF4B-00C04F79EFBC}") = "Top K Frequent Elements", "Top K Frequent Elements.csproj", "{F5546F95-1C8D-4D7E-BDD3-0DC5C8F7BBBB}"
EndProject
Global
	GlobalSection(SolutionConfigurationPlatforms) = preSolution
		Debug|Any CPU = Debug|Any CPU
		Release|Any CPU = Release|Any CPU
	EndGlobalSection
	GlobalSection(SolutionProperties) = preSolution
		HideSolutionNode = FALSE
	EndGlobalSection
	GlobalSection(ProjectConfigurationPlatforms) = postSolution
		{F5546F95-1C8D-4D7E-BDD3-0DC5C8F7BBBB}.Debug|Any CPU.ActiveCfg = Debug|Any CPU
		{F5546F95-1C8D-4D7E-BDD3-0DC5C8F7BBBB}.Debug|Any CPU.Build.0 = Debug|Any CPU
		{F5546F95-1C8D-4D7E-BDD3-0DC5C8F7BBBB}.Release|Any CPU.ActiveCfg = Release|Any CPU
		{F5546F95-1C8D-4D7E-BDD3-0DC5C8F7BBBB}.Release|Any CPU.Build.0 = Release|Any CPU
	EndGlobalSection
EndGlobal
